
Microsoft Visual Studio Solution File, Format Version 12.00
# Visual Studio Version 17
VisualStudioVersion = 17.6.33829.357
MinimumVisualStudioVersion = 10.0.40219.1
Project("{FAE04EC0-301F-11D3-BF4B-00C04F79EFBC}") = "ConsoleApp", "ConsoleApp.csproj", "{754155D5-7361-4510-8BFA-1FD59E84E506}"
EndProject
Project("{FAE04EC0-301F-11D3-BF4B-00C04F79EFBC}") = "HelloWorldTest", "..\HelloWorldTest\HelloWorldTest.csproj", "{7C32D17B-56B0-42C0-8F4B-C3E03F078224}"
EndProject
Global
	GlobalSection(SolutionConfigurationPlatforms) = preSolution
		Debug|Any CPU = Debug|Any CPU
		Release|Any CPU = Release|Any CPU
	EndGlobalSection
	GlobalSection(ProjectConfigurationPlatforms) = postSolution
		{754155D5-7361-4510-8BFA-1FD59E84E506}.Debug|Any CPU.ActiveCfg = Debug|Any CPU
		{754155D5-7361-4510-8BFA-1FD59E84E506}.Debug|Any CPU.Build.0 = Debug|Any CPU
		{754155D5-7361-4510-8BFA-1FD59E84E506}.Release|Any CPU.ActiveCfg = Release|Any CPU
		{754155D5-7361-4510-8BFA-1FD59E84E506}.Release|Any CPU.Build.0 = Release|Any CPU
		{7C32D17B-56B0-42C0-8F4B-C3E03F078224}.Debug|Any CPU.ActiveCfg = Debug|Any CPU
		{7C32D17B-56B0-42C0-8F4B-C3E03F078224}.Debug|Any CPU.Build.0 = Debug|Any CPU
		{7C32D17B-56B0-42C0-8F4B-C3E03F078224}.Release|Any CPU.ActiveCfg = Release|Any CPU
		{7C32D17B-56B0-42C0-8F4B-C3E03F078224}.Release|Any CPU.Build.0 = Release|Any CPU
	EndGlobalSection
	GlobalSection(SolutionProperties) = preSolution
		HideSolutionNode = FALSE
	EndGlobalSection
	GlobalSection(ExtensibilityGlobals) = postSolution
		SolutionGuid = {83CD9682-B73E-4544-929F-CAE9D5E17B82}
	EndGlobalSection
EndGlobal
